{
    "_readme": [
        "This file locks the dependencies of your project to a known state",
        "Read more about it at https://getcomposer.org/doc/01-basic-usage.md#composer-lock-the-lock-file",
        "This file is @generated automatically"
    ],
    "hash": "c09ddf77a20d0478a188c50817ac1f17",
    "content-hash": "95bc4904f365f83e78413bbd516e4969",
    "packages": [
        {
            "name": "mgp25/instagram-php",
            "version": "v1.5.1",
            "source": {
                "type": "git",
                "url": "https://github.com/mgp25/Instagram-API.git",
                "reference": "63ab5675ab47bbb6e1c433a730763cf9000f4cfb"
            },
            "dist": {
                "type": "zip",
                "url": "https://api.github.com/repos/mgp25/Instagram-API/zipball/63ab5675ab47bbb6e1c433a730763cf9000f4cfb",
                "reference": "63ab5675ab47bbb6e1c433a730763cf9000f4cfb",
                "shasum": ""
            },
            "require": {
                "ext-curl": "*",
                "ext-gd": "*",
                "php": ">=5.4"
            },
            "type": "library",
            "autoload": {
                "classmap": [
                    "src/"
                ]
            },
            "notification-url": "https://packagist.org/downloads/",
            "license": [
                "MIT"
            ],
            "authors": [
                {
                    "name": "mgp25",
                    "email": "me@mgp25.com"
                }
            ],
            "description": "Instagram private API PHP",
            "keywords": [
                "api",
                "instagram",
                "php",
                "private"
            ],
            "time": "2016-11-03 23:10:46"
        }
    ],
    "packages-dev": [],
    "aliases": [],
    "minimum-stability": "stable",
    "stability-flags": [],
    "prefer-stable": false,
    "prefer-lowest": false,
    "platform": [],
    "platform-dev": []
}
